
Microsoft Visual Studio Solution File, Format Version 12.00
# Visual Studio Version 16
VisualStudioVersion = 16.0.31911.196
MinimumVisualStudioVersion = 10.0.40219.1
Project("{FAE04EC0-301F-11D3-BF4B-00C04F79EFBC}") = "Q267398", "STUDENT\Q267398.csproj", "{260E5B5E-3D04-4A59-9EFA-A599212130E5}"
EndProject
Global
	GlobalSection(SolutionConfigurationPlatforms) = preSolution
		Debug|Any CPU = Debug|Any CPU
		Release|Any CPU = Release|Any CPU
	EndGlobalSection
	GlobalSection(ProjectConfigurationPlatforms) = postSolution
		{260E5B5E-3D04-4A59-9EFA-A599212130E5}.Debug|Any CPU.ActiveCfg = Debug|Any CPU
		{260E5B5E-3D04-4A59-9EFA-A599212130E5}.Debug|Any CPU.Build.0 = Debug|Any CPU
		{260E5B5E-3D04-4A59-9EFA-A599212130E5}.Release|Any CPU.ActiveCfg = Release|Any CPU
		{260E5B5E-3D04-4A59-9EFA-A599212130E5}.Release|Any CPU.Build.0 = Release|Any CPU
	EndGlobalSection
	GlobalSection(SolutionProperties) = preSolution
		HideSolutionNode = FALSE
	EndGlobalSection
	GlobalSection(ExtensibilityGlobals) = postSolution
		SolutionGuid = {B5DD20FA-6FCC-4073-8364-C189EB90B982}
	EndGlobalSection
EndGlobal
