
Microsoft Visual Studio Solution File, Format Version 12.00
# Visual Studio Version 16
VisualStudioVersion = 16.0.31911.196
MinimumVisualStudioVersion = 10.0.40219.1
Project("{FAE04EC0-301F-11D3-BF4B-00C04F79EFBC}") = "ConsoleApp9", "ConsoleApp9\ConsoleApp9.csproj", "{621B2C94-4F62-4C83-A3DE-0BBE39FA9052}"
EndProject
Global
	GlobalSection(SolutionConfigurationPlatforms) = preSolution
		Debug|Any CPU = Debug|Any CPU
		Release|Any CPU = Release|Any CPU
	EndGlobalSection
	GlobalSection(ProjectConfigurationPlatforms) = postSolution
		{621B2C94-4F62-4C83-A3DE-0BBE39FA9052}.Debug|Any CPU.ActiveCfg = Debug|Any CPU
		{621B2C94-4F62-4C83-A3DE-0BBE39FA9052}.Debug|Any CPU.Build.0 = Debug|Any CPU
		{621B2C94-4F62-4C83-A3DE-0BBE39FA9052}.Release|Any CPU.ActiveCfg = Release|Any CPU
		{621B2C94-4F62-4C83-A3DE-0BBE39FA9052}.Release|Any CPU.Build.0 = Release|Any CPU
	EndGlobalSection
	GlobalSection(SolutionProperties) = preSolution
		HideSolutionNode = FALSE
	EndGlobalSection
	GlobalSection(ExtensibilityGlobals) = postSolution
		SolutionGuid = {7AF668D8-27D3-4F85-B159-B22F29EEF265}
	EndGlobalSection
EndGlobal
