
Microsoft Visual Studio Solution File, Format Version 12.00
# Visual Studio Version 16
VisualStudioVersion = 16.0.31911.196
MinimumVisualStudioVersion = 10.0.40219.1
Project("{FAE04EC0-301F-11D3-BF4B-00C04F79EFBC}") = "stack", "ConsoleApp8\stack.csproj", "{84E89318-5E4E-4D58-8666-FD8FF3C1ABA2}"
EndProject
Global
	GlobalSection(SolutionConfigurationPlatforms) = preSolution
		Debug|Any CPU = Debug|Any CPU
		Release|Any CPU = Release|Any CPU
	EndGlobalSection
	GlobalSection(ProjectConfigurationPlatforms) = postSolution
		{84E89318-5E4E-4D58-8666-FD8FF3C1ABA2}.Debug|Any CPU.ActiveCfg = Debug|Any CPU
		{84E89318-5E4E-4D58-8666-FD8FF3C1ABA2}.Debug|Any CPU.Build.0 = Debug|Any CPU
		{84E89318-5E4E-4D58-8666-FD8FF3C1ABA2}.Release|Any CPU.ActiveCfg = Release|Any CPU
		{84E89318-5E4E-4D58-8666-FD8FF3C1ABA2}.Release|Any CPU.Build.0 = Release|Any CPU
	EndGlobalSection
	GlobalSection(SolutionProperties) = preSolution
		HideSolutionNode = FALSE
	EndGlobalSection
	GlobalSection(ExtensibilityGlobals) = postSolution
		SolutionGuid = {F40317FF-515B-459E-81F7-513590860F5C}
	EndGlobalSection
EndGlobal
