
Microsoft Visual Studio Solution File, Format Version 12.00
# Visual Studio Version 16
VisualStudioVersion = 16.0.31911.196
MinimumVisualStudioVersion = 10.0.40219.1
Project("{FAE04EC0-301F-11D3-BF4B-00C04F79EFBC}") = "ConsoleApp1", "ConsoleApp1\ConsoleApp1.csproj", "{AEFA4674-EDB7-4E24-8481-94D0608B047B}"
EndProject
Global
	GlobalSection(SolutionConfigurationPlatforms) = preSolution
		Debug|Any CPU = Debug|Any CPU
		Release|Any CPU = Release|Any CPU
	EndGlobalSection
	GlobalSection(ProjectConfigurationPlatforms) = postSolution
		{AEFA4674-EDB7-4E24-8481-94D0608B047B}.Debug|Any CPU.ActiveCfg = Debug|Any CPU
		{AEFA4674-EDB7-4E24-8481-94D0608B047B}.Debug|Any CPU.Build.0 = Debug|Any CPU
		{AEFA4674-EDB7-4E24-8481-94D0608B047B}.Release|Any CPU.ActiveCfg = Release|Any CPU
		{AEFA4674-EDB7-4E24-8481-94D0608B047B}.Release|Any CPU.Build.0 = Release|Any CPU
	EndGlobalSection
	GlobalSection(SolutionProperties) = preSolution
		HideSolutionNode = FALSE
	EndGlobalSection
	GlobalSection(ExtensibilityGlobals) = postSolution
		SolutionGuid = {70B1620E-1643-493D-99C9-33E6C25A75EA}
	EndGlobalSection
EndGlobal
